
Microsoft Visual Studio Solution File, Format Version 12.00
# Visual Studio Version 16
VisualStudioVersion = 16.0.31005.135
MinimumVisualStudioVersion = 10.0.40219.1
Project("{FAE04EC0-301F-11D3-BF4B-00C04F79EFBC}") = "PopupFlashcards", "PopupFlashcards\PopupFlashcards.csproj", "{5CECCB57-C1C9-42DD-A7CF-6837F5957429}"
EndProject
Global
	GlobalSection(SolutionConfigurationPlatforms) = preSolution
		Debug|Any CPU = Debug|Any CPU
		Release|Any CPU = Release|Any CPU
	EndGlobalSection
	GlobalSection(ProjectConfigurationPlatforms) = postSolution
		{5CECCB57-C1C9-42DD-A7CF-6837F5957429}.Debug|Any CPU.ActiveCfg = Debug|Any CPU
		{5CECCB57-C1C9-42DD-A7CF-6837F5957429}.Debug|Any CPU.Build.0 = Debug|Any CPU
		{5CECCB57-C1C9-42DD-A7CF-6837F5957429}.Release|Any CPU.ActiveCfg = Release|Any CPU
		{5CECCB57-C1C9-42DD-A7CF-6837F5957429}.Release|Any CPU.Build.0 = Release|Any CPU
	EndGlobalSection
	GlobalSection(SolutionProperties) = preSolution
		HideSolutionNode = FALSE
	EndGlobalSection
	GlobalSection(ExtensibilityGlobals) = postSolution
		SolutionGuid = {93F4BFA5-3B35-4070-AD39-BEE90F2063E1}
	EndGlobalSection
EndGlobal
